
Microsoft Visual Studio Solution File, Format Version 12.00
# Visual Studio Version 16
VisualStudioVersion = 16.0.29728.190
MinimumVisualStudioVersion = 10.0.40219.1
Project("{9A19103F-16F7-4668-BE54-9A1E7A4F7556}") = "ForkBro", "ForkBro\ForkBro.csproj", "{6414BF19-D187-483E-B732-5F3337662539}"
EndProject
Project("{FAE04EC0-301F-11D3-BF4B-00C04F79EFBC}") = "ForkBro_Tests", "ForkBro_Tests\ForkBro_Tests.csproj", "{019F549B-136C-465C-B36E-138E8A26761F}"
EndProject
Global
	GlobalSection(SolutionConfigurationPlatforms) = preSolution
		Debug|Any CPU = Debug|Any CPU
		Release|Any CPU = Release|Any CPU
	EndGlobalSection
	GlobalSection(ProjectConfigurationPlatforms) = postSolution
		{6414BF19-D187-483E-B732-5F3337662539}.Debug|Any CPU.ActiveCfg = Debug|Any CPU
		{6414BF19-D187-483E-B732-5F3337662539}.Debug|Any CPU.Build.0 = Debug|Any CPU
		{6414BF19-D187-483E-B732-5F3337662539}.Release|Any CPU.ActiveCfg = Release|Any CPU
		{6414BF19-D187-483E-B732-5F3337662539}.Release|Any CPU.Build.0 = Release|Any CPU
		{019F549B-136C-465C-B36E-138E8A26761F}.Debug|Any CPU.ActiveCfg = Debug|Any CPU
		{019F549B-136C-465C-B36E-138E8A26761F}.Release|Any CPU.ActiveCfg = Release|Any CPU
		{019F549B-136C-465C-B36E-138E8A26761F}.Release|Any CPU.Build.0 = Release|Any CPU
	EndGlobalSection
	GlobalSection(SolutionProperties) = preSolution
		HideSolutionNode = FALSE
	EndGlobalSection
	GlobalSection(ExtensibilityGlobals) = postSolution
		SolutionGuid = {3972713A-377A-465A-A35F-1CC45803EE37}
	EndGlobalSection
EndGlobal
